
Microsoft Visual Studio Solution File, Format Version 12.00
# Visual Studio 15
VisualStudioVersion = 15.0.28010.2048
MinimumVisualStudioVersion = 10.0.40219.1
Project("{FAE04EC0-301F-11D3-BF4B-00C04F79EFBC}") = "Xyfy.Helper", "Xyfy.RSAHelper\Xyfy.Helper.csproj", "{B3CACF14-F039-47FF-8CCE-BBF73870D774}"
EndProject
Project("{FAE04EC0-301F-11D3-BF4B-00C04F79EFBC}") = "HelperTest", "HelperTest\HelperTest.csproj", "{18D708C6-F892-4FCE-BCE3-1EA47DFFB03F}"
EndProject
Global
	GlobalSection(SolutionConfigurationPlatforms) = preSolution
		Debug|Any CPU = Debug|Any CPU
		Release|Any CPU = Release|Any CPU
	EndGlobalSection
	GlobalSection(ProjectConfigurationPlatforms) = postSolution
		{B3CACF14-F039-47FF-8CCE-BBF73870D774}.Debug|Any CPU.ActiveCfg = Debug|Any CPU
		{B3CACF14-F039-47FF-8CCE-BBF73870D774}.Debug|Any CPU.Build.0 = Debug|Any CPU
		{B3CACF14-F039-47FF-8CCE-BBF73870D774}.Release|Any CPU.ActiveCfg = Release|Any CPU
		{B3CACF14-F039-47FF-8CCE-BBF73870D774}.Release|Any CPU.Build.0 = Release|Any CPU
		{18D708C6-F892-4FCE-BCE3-1EA47DFFB03F}.Debug|Any CPU.ActiveCfg = Debug|Any CPU
		{18D708C6-F892-4FCE-BCE3-1EA47DFFB03F}.Debug|Any CPU.Build.0 = Debug|Any CPU
		{18D708C6-F892-4FCE-BCE3-1EA47DFFB03F}.Release|Any CPU.ActiveCfg = Release|Any CPU
		{18D708C6-F892-4FCE-BCE3-1EA47DFFB03F}.Release|Any CPU.Build.0 = Release|Any CPU
	EndGlobalSection
	GlobalSection(SolutionProperties) = preSolution
		HideSolutionNode = FALSE
	EndGlobalSection
	GlobalSection(ExtensibilityGlobals) = postSolution
		SolutionGuid = {E1A7D4C8-24EF-43B8-AA50-73DED6B650C1}
	EndGlobalSection
EndGlobal
